
Microsoft Visual Studio Solution File, Format Version 12.00
# Visual Studio 15
VisualStudioVersion = 15.0.27130.2027
MinimumVisualStudioVersion = 10.0.40219.1
Project("{9A19103F-16F7-4668-BE54-9A1E7A4F7556}") = "Backstage.WebApi", "Backstage.WebApi\Backstage.WebApi.csproj", "{5B9DC9AD-756B-45AA-90F9-8DD90FE3FDCE}"
EndProject
Project("{9A19103F-16F7-4668-BE54-9A1E7A4F7556}") = "Backstage.Models", "Backstage.Models\Backstage.Models.csproj", "{54A75005-6301-4EB5-AE9C-3E0F690C68C8}"
EndProject
Project("{FAE04EC0-301F-11D3-BF4B-00C04F79EFBC}") = "Backstage.Common", "Backstage.Common\Backstage.Common.csproj", "{EF25E55E-5391-4838-93F8-B8FCEFB7FB37}"
EndProject
Global
	GlobalSection(SolutionConfigurationPlatforms) = preSolution
		Debug|Any CPU = Debug|Any CPU
		Release|Any CPU = Release|Any CPU
	EndGlobalSection
	GlobalSection(ProjectConfigurationPlatforms) = postSolution
		{5B9DC9AD-756B-45AA-90F9-8DD90FE3FDCE}.Debug|Any CPU.ActiveCfg = Debug|Any CPU
		{5B9DC9AD-756B-45AA-90F9-8DD90FE3FDCE}.Debug|Any CPU.Build.0 = Debug|Any CPU
		{5B9DC9AD-756B-45AA-90F9-8DD90FE3FDCE}.Release|Any CPU.ActiveCfg = Release|Any CPU
		{5B9DC9AD-756B-45AA-90F9-8DD90FE3FDCE}.Release|Any CPU.Build.0 = Release|Any CPU
		{54A75005-6301-4EB5-AE9C-3E0F690C68C8}.Debug|Any CPU.ActiveCfg = Debug|Any CPU
		{54A75005-6301-4EB5-AE9C-3E0F690C68C8}.Debug|Any CPU.Build.0 = Debug|Any CPU
		{54A75005-6301-4EB5-AE9C-3E0F690C68C8}.Release|Any CPU.ActiveCfg = Release|Any CPU
		{54A75005-6301-4EB5-AE9C-3E0F690C68C8}.Release|Any CPU.Build.0 = Release|Any CPU
		{EF25E55E-5391-4838-93F8-B8FCEFB7FB37}.Debug|Any CPU.ActiveCfg = Debug|Any CPU
		{EF25E55E-5391-4838-93F8-B8FCEFB7FB37}.Debug|Any CPU.Build.0 = Debug|Any CPU
		{EF25E55E-5391-4838-93F8-B8FCEFB7FB37}.Release|Any CPU.ActiveCfg = Release|Any CPU
		{EF25E55E-5391-4838-93F8-B8FCEFB7FB37}.Release|Any CPU.Build.0 = Release|Any CPU
	EndGlobalSection
	GlobalSection(SolutionProperties) = preSolution
		HideSolutionNode = FALSE
	EndGlobalSection
	GlobalSection(ExtensibilityGlobals) = postSolution
		SolutionGuid = {CF2F876D-9641-4E52-BE77-21E3A5F4B52A}
	EndGlobalSection
EndGlobal
